github.com/canonical/go-efilib v0.3.1-0.20220815143333-7e5151412e93 h1:F0bRDzPy/j2IX/iIWqCEA23S1nal+f7A+/vLyj6Ye+4=
github.com/canonical/go-efilib v0.3.1-0.20220815143333-7e5151412e93/go.mod h1:9b2PNAuPcZsB76x75/uwH99D8CyH/A2y4rq1/+bvplg=
github.com/canonical/go-sp800.108-kdf v0.0.0-20210314145419-a3359f2d21b9 h1:USzKjrfWo/ESzozv2i3OMM7XDgxrZRvaHFrKkIKRtwU=
github.com/canonical/go-sp800.108-kdf v0.0.0-20210314145419-a3359f2d21b9/go.mod h1:Zrs3YjJr+w51u0R/dyLh/oWt/EcBVdLPCVFYC4daW5s=
github.com/canonical/go-sp800.90a-drbg v0.0.0-20210314144037-6eeb1040d6c3 h1:oe6fCvaEpkhyW3qAicT0TnGtyht/UrgvOwMcEgLb7Aw=
github.com/canonical/go-sp800.90a-drbg v0.0.0-20210314144037-6eeb1040d6c3/go.mod h1:qdP0gaj0QtgX2RUZhnlVrceJ+Qln8aSlDyJwelLLFeM=
github.com/canonical/go-tpm2 v0.0.0-20210827151749-f80ff5afff61 h1:DsyeCtFXqOdukmhPOunohjSlyxDHTqWSW1O4rD9N3L8=
github.com/canonical/go-tpm2 v0.0.0-20210827151749-f80ff5afff61/go.mod h1:vG41hdbBjV4+/fkubTT1ENBBqSkLwLr7mCeW9Y6kpZY=
github.com/canonical/tcglog-parser v0.0.0-20210824131805-69fa1e9f0ad2 h1:CbwVq64ruNLx/S3XA0LO6QMsw6Vc2inK+RcS6D2c4Ns=
github.com/canonical/tcglog-parser v0.0.0-20210824131805-69fa1e9f0ad2/go.mod h1:QoW2apR2tBl6T/4czdND/EHjL1Ia9cCmQnIj9Xe0Kt8=
github.com/frankban/quicktest v1.2.2 h1:xfmOhhoH5fGPgbEAlhLpJH9p0z/0Qizio9osmvn9IUY=
github.com/frankban/quicktest v1.2.2/go.mod h1:Qh/WofXFeiAFII1aEBu529AtJo6Zg2VHscnEsbBnJ20=
github.com/godbus/dbus v0.0.0-20190726142602-4481cbc300e2 h1:ZpnhV/YsD2/4cESfV5+Hoeu/iUR3ruzNvZ+yQfO03a0=
github.com/godbus/dbus v0.0.0-20190726142602-4481cbc300e2/go.mod h1:bBOAhwG1umN6/6ZUMtDFBMQR8jRg9O75tm9K00oMsK4=
github.com/google/go-cmp v0.2.1-0.20190312032427-6f77996f0c42 h1:q3pnF5JFBNRz8sRD+IRj7Y6DMyYGTNqnZ9axTbSfoNI=
github.com/google/go-cmp v0.2.1-0.20190312032427-6f77996f0c42/go.mod h1:8QqcDgzrUqlUb/G2PQTWiueGozuR1884gddMywk6iLU=
github.com/jessevdk/go-flags v1.5.0/go.mod h1:Fw0T6WPc1dYxT4mKEZRfG5kJhaTDP9pj1c2EWnYs/m4=
github.com/kr/pretty v0.1.0/go.mod h1:dAy3ld7l9f0ibDNOQOHHMYYIIbhfbHSm3C4ZsoJORNo=
github.com/kr/pretty v0.2.1/go.mod h1:ipq/a2n7PKx3OHsz4KJII5eveXtPO4qwEXGdVfWzfnI=
github.com/kr/pretty v0.2.2-0.20200810074440-814ac30b4b18 h1:fth7xdJYakAjo/XH38edyXuBEqYGJ8Me0RPolN1ZiQE=
github.com/kr/pty v1.1.1/go.mod h1:pFQYn66WHrOpPYNljwOMqo10TkYh1fy3cYio2l3bCsQ=
github.com/kr/text v0.1.0 h1:45sCR5RtlFHMR4UwH9sdQ5TC8v0qDQCHnXt+kaKSTVE=
github.com/kr/text v0.1.0/go.mod h1:4Jbv+DJW3UT/LiOwJeYQe1efqtUx/iVham/4vfdArNI=
github.com/mvo5/goconfigparser v0.0.0-20200803085309-72e476556adb h1:1I/JqsB+FffFssjcOeEP0popLhJ46+OwtXztJ/1DhM0=
github.com/mvo5/goconfigparser v0.0.0-20200803085309-72e476556adb/go.mod h1:xmt4k1xLDl8Tdan+0S/jmMK2uSUBSzTc18+5GN5Vea8=
github.com/niemeyer/pretty v0.0.0-20200227124842-a10e7caefd8e/go.mod h1:zD1mROLANZcx1PVRCS0qkT7pwLkGfwJo4zjcN/Tysno=
github.com/rogpeppe/clock v0.0.0-20190514195947-2896927a307a h1:3QH7VyOaaiUHNrA9Se4YQIRkDTCw1EJls9xTUCaCeRM=
github.com/rogpeppe/clock v0.0.0-20190514195947-2896927a307a/go.mod h1:4r5QyqhjIWCcK8DO4KMclc5Iknq5qVBAlbYYzAbUScQ=
github.com/snapcore/go-gettext v0.0.0-20191107141714-82bbea49e785 h1:PaunR+BhraKSLxt2awQ42zofkP+NKh/VjQ0PjIMk/y4=
github.com/snapcore/go-gettext v0.0.0-20191107141714-82bbea49e785/go.mod h1:D3SsWAXK7wCCBZu+Vk5hc1EuKj/L3XN1puEMXTU4LrQ=
github.com/snapcore/secboot v0.0.0-20230623151406-4d331d24f830 h1:SCJ9Uiekv6uMqzMGP50Y0KBxkLP7IzPW35aI3Po6iyM=
github.com/snapcore/secboot v0.0.0-20230623151406-4d331d24f830/go.mod h1:72paVOkm4sJugXt+v9ItmnjXgO921D8xqsbH2OekouY=
github.com/snapcore/snapd v0.0.0-20201005140838-501d14ac146e/go.mod h1:3xrn7QDDKymcE5VO2rgWEQ5ZAUGb9htfwlXnoel6Io8=
github.com/snapcore/snapd v0.0.0-20231005121729-5238d0581c9e h1:qdCh1ucrTQeO6bJvSbwIfpKZR/NWrWCzfYqWi7TAk70=
github.com/snapcore/snapd v0.0.0-20231005121729-5238d0581c9e/go.mod h1:M+wSEB8eBfffw7I69nDtilqKfbdkmCNbtXY1wMJV1v0=
go.mozilla.org/pkcs7 v0.0.0-20200128120323-432b2356ecb1 h1:A/5uWzF44DlIgdm/PQFwfMkW0JX+cIcQi/SwLAmZP5M=
go.mozilla.org/pkcs7 v0.0.0-20200128120323-432b2356ecb1/go.mod h1:SNgMg+EgDFwmvSmLRTNKC5fegJjB7v23qTQ0XLGUNHk=
golang.org/x/crypto v0.0.0-20190308221718-c2843e01d9a2/go.mod h1:djNgcEr1/C05ACkg1iLfiJU5Ep61QUkGW8qpdssI0+w=
golang.org/x/crypto v0.0.0-20200622213623-75b288015ac9/go.mod h1:LzIPMQfyMNhhGPhUkYOs5KpL4U8rLKemX1yGLhDgUto=
golang.org/x/crypto v0.0.0-20220829220503-c86fa9a7ed90 h1:Y/gsMcFOcR+6S6f3YeMKl5g+dZMEWqcz5Czj/GWYbkM=
golang.org/x/crypto v0.0.0-20220829220503-c86fa9a7ed90/go.mod h1:IxCIyHEi3zRg3s0A5j5BB6A9Jmi73HwBIUl50j+osU4=
golang.org/x/net v0.0.0-20190404232315-eb5bcb51f2a3/go.mod h1:t9HGtf8HONx5eT2rtn7q6eTqICYqUVnKs3thJo3Qplg=
golang.org/x/net v0.0.0-20201002202402-0a1ea396d57c/go.mod h1:iQL9McJNjoIa5mjH6nYTCTZXUN6RP+XW3eib7Ya3XcI=
golang.org/x/net v0.9.0 h1:aWJ/m6xSmxWBx+V0XRHTlrYrPG56jKsLdTFmsSsCzOM=
golang.org/x/net v0.9.0/go.mod h1:d48xBJpPfHeWQsugry2m+kC02ZBRGRgulfHnEXEuWns=
golang.org/x/sys v0.0.0-20190215142949-d0b11bdaac8a/go.mod h1:STP8DvDyc/dI5b8T5hshtkjS+E42TnysNCUPdjciGhY=
golang.org/x/sys v0.0.0-20190412213103-97732733099d/go.mod h1:h1NjWce9XRLGQEsW7wpKNCjG9DtNlClVuFLEZdDNbEs=
golang.org/x/sys v0.0.0-20200930185726-fdedc70b468f/go.mod h1:h1NjWce9XRLGQEsW7wpKNCjG9DtNlClVuFLEZdDNbEs=
golang.org/x/sys v0.0.0-20210320140829-1e4c9ba3b0c4/go.mod h1:h1NjWce9XRLGQEsW7wpKNCjG9DtNlClVuFLEZdDNbEs=
golang.org/x/sys v0.0.0-20210324051608-47abb6519492/go.mod h1:h1NjWce9XRLGQEsW7wpKNCjG9DtNlClVuFLEZdDNbEs=
golang.org/x/sys v0.7.0 h1:3jlCCIQZPdOYu1h8BkNvLz8Kgwtae2cagcG/VamtZRU=
golang.org/x/sys v0.7.0/go.mod h1:oPkhp1MJrh7nUepCBck5+mAzfO9JrbApNNgaTdGDITg=
golang.org/x/text v0.3.0/go.mod h1:NqM8EUOU14njkJ3fqMW+pc6Ldnwhi/IjpwHt7yyuwOQ=
golang.org/x/xerrors v0.0.0-20191011141410-1b5146add898/go.mod h1:I/5z698sn9Ka8TeJc9MKroUUfqBBauWjQqLJ2OPfmY0=
golang.org/x/xerrors v0.0.0-20200804184101-5ec99f83aff1/go.mod h1:I/5z698sn9Ka8TeJc9MKroUUfqBBauWjQqLJ2OPfmY0=
golang.org/x/xerrors v0.0.0-20220609144429-65e65417b02f h1:uF6paiQQebLeSXkrTqHqz0MXhXXS1KgF41eUdBNvxK0=
golang.org/x/xerrors v0.0.0-20220609144429-65e65417b02f/go.mod h1:K8+ghG5WaK9qNqU5K3HdILfMLy1f3aNYFI/wnl100a8=
gopkg.in/check.v1 v0.0.0-20161208181325-20d25e280405/go.mod h1:Co6ibVJAznAaIkqp8huTwlJQCZ016jof/cbN4VW5Yz0=
gopkg.in/check.v1 v1.0.0-20201130134442-10cb98267c6c h1:Hei/4ADfdWqJk1ZMxUNpqntNwaWcugrBjAiHlqqRiVk=
gopkg.in/check.v1 v1.0.0-20201130134442-10cb98267c6c/go.mod h1:JHkPIbrfpd72SG/EVd6muEfDQjcINNoR0C8j2r3qZ4Q=
gopkg.in/retry.v1 v1.0.3 h1:a9CArYczAVv6Qs6VGoLMio99GEs7kY9UzSF9+LD+iGs=
gopkg.in/retry.v1 v1.0.3/go.mod h1:FJkXmWiMaAo7xB+xhvDF59zhfjDWyzmyAxiT4dB688g=
gopkg.in/tomb.v2 v2.0.0-20161208151619-d5d1b5820637 h1:yiW+nvdHb9LVqSHQBXfZCieqV4fzYhNBql77zY0ykqs=
gopkg.in/tomb.v2 v2.0.0-20161208151619-d5d1b5820637/go.mod h1:BHsqpu/nsuzkT5BpiH1EMZPLyqSMM8JbIavyFACoFNk=
gopkg.in/yaml.v2 v2.3.0/go.mod h1:hI93XBmqTisBFMUTm0b8Fm+jr3Dg1NNxqwp+5A1VGuI=
gopkg.in/yaml.v2 v2.4.0 h1:D8xgwECY7CYvx+Y2n4sBz93Jn9JRvxdiyyo8CTfuKaY=
gopkg.in/yaml.v2 v2.4.0/go.mod h1:RDklbk79AGWmwhnvt/jBztapEOGDOx6ZbXqjP6csGnQ=
maze.io/x/crypto v0.0.0-20190131090603-9b94c9afe066 h1:UrD21H1Ue5Nl8f2x/NQJBRdc49YGmla3mRStinH8CCE=
maze.io/x/crypto v0.0.0-20190131090603-9b94c9afe066/go.mod h1:DEvumi+swYmlKxSlnsvPwS15tRjoypCCeJFXswU5FfQ=
