<?xml version="1.0" encoding="utf-8"?>
<Project ToolsVersion="4.0" xmlns="http://schemas.microsoft.com/developer/msbuild/2003">
  <ItemGroup>
    <Filter Include="Resource Files">
      <UniqueIdentifier>{67DA6AB6-F800-4c08-8B7A-83BB121AAD01}</UniqueIdentifier>
      <Extensions>rc;ico;cur;bmp;dlg;rc2;rct;bin;rgs;gif;jpg;jpeg;jpe;resx;tiff;tif;png;wav;mfcribbon-ms</Extensions>
    </Filter>
    <Filter Include="Common headers">
      <UniqueIdentifier>{93995380-89BD-4b04-88EB-625FBE52EBFB}</UniqueIdentifier>
      <Extensions>h;hh;hpp;hxx;hm;inl;inc;xsd</Extensions>
    </Filter>
    <Filter Include="Common sources">
      <UniqueIdentifier>{4FC737F1-C7A5-4376-A066-2A32D752A2FF}</UniqueIdentifier>
      <Extensions>cpp;c;cc;cxx;def;odl;idl;hpj;bat;asm;asmx</Extensions>
    </Filter>
    <Filter Include="Windows headers">
      <UniqueIdentifier>{f4b08648-a690-4a35-a6d4-96d10e7d8d3e}</UniqueIdentifier>
    </Filter>
    <Filter Include="Windows sources">
      <UniqueIdentifier>{f19971b9-3994-424b-8a01-0c2c582f4fa0}</UniqueIdentifier>
    </Filter>
  </ItemGroup>
  <ItemGroup>
    <ClCompile Include="..\swap.c">
      <Filter>Common sources</Filter>
    </ClCompile>
    <ClCompile Include="..\table.c">
      <Filter>Common sources</Filter>
    </ClCompile>
    <ClCompile Include="..\xattr.c">
      <Filter>Common sources</Filter>
    </ClCompile>
    <ClCompile Include="..\cache.c">
      <Filter>Common sources</Filter>
    </ClCompile>
    <ClCompile Include="..\dir.c">
      <Filter>Common sources</Filter>
    </ClCompile>
    <ClCompile Include="..\file.c">
      <Filter>Common sources</Filter>
    </ClCompile>
    <ClCompile Include="..\fs.c">
      <Filter>Common sources</Filter>
    </ClCompile>
    <ClCompile Include="..\hash.c">
      <Filter>Common sources</Filter>
    </ClCompile>
    <ClCompile Include="..\nonstd-pread.c">
      <Filter>Common sources</Filter>
    </ClCompile>
    <ClCompile Include="..\nonstd-stat.c">
      <Filter>Common sources</Filter>
    </ClCompile>
    <ClCompile Include="tinfl.c">
      <Filter>Windows sources</Filter>
    </ClCompile>
    <ClCompile Include="..\decompress.c">
      <Filter>Common sources</Filter>
    </ClCompile>
    <ClCompile Include="..\util.c">
      <Filter>Common sources</Filter>
    </ClCompile>
    <ClCompile Include="..\traverse.c">
      <Filter>Common sources</Filter>
    </ClCompile>
    <ClCompile Include="..\stack.c">
      <Filter>Common sources</Filter>
    </ClCompile>
    <ClCompile Include="..\ls.c">
      <Filter>Common sources</Filter>
    </ClCompile>
  </ItemGroup>
  <ItemGroup>
    <ClInclude Include="..\xattr.h">
      <Filter>Common headers</Filter>
    </ClInclude>
    <ClInclude Include="..\cache.h">
      <Filter>Common headers</Filter>
    </ClInclude>
    <ClInclude Include="..\common.h">
      <Filter>Common headers</Filter>
    </ClInclude>
    <ClInclude Include="..\decompress.h">
      <Filter>Common headers</Filter>
    </ClInclude>
    <ClInclude Include="..\dir.h">
      <Filter>Common headers</Filter>
    </ClInclude>
    <ClInclude Include="..\file.h">
      <Filter>Common headers</Filter>
    </ClInclude>
    <ClInclude Include="..\hash.h">
      <Filter>Common headers</Filter>
    </ClInclude>
    <ClInclude Include="..\nonstd.h">
      <Filter>Common headers</Filter>
    </ClInclude>
    <ClInclude Include="..\nonstd-internal.h">
      <Filter>Common headers</Filter>
    </ClInclude>
    <ClInclude Include="..\squashfuse.h">
      <Filter>Common headers</Filter>
    </ClInclude>
    <ClInclude Include="..\swap.h">
      <Filter>Common headers</Filter>
    </ClInclude>
    <ClInclude Include="..\table.h">
      <Filter>Common headers</Filter>
    </ClInclude>
    <ClInclude Include="config.h">
      <Filter>Windows headers</Filter>
    </ClInclude>
    <ClInclude Include="win32.h">
      <Filter>Windows headers</Filter>
    </ClInclude>
    <ClInclude Include="..\squashfs_fs.h">
      <Filter>Common headers</Filter>
    </ClInclude>
    <ClInclude Include="..\util.h">
      <Filter>Common headers</Filter>
    </ClInclude>
    <ClInclude Include="..\traverse.h">
      <Filter>Common headers</Filter>
    </ClInclude>
    <ClInclude Include="..\fs.h">
      <Filter>Common headers</Filter>
    </ClInclude>
    <ClInclude Include="..\stack.h">
      <Filter>Common headers</Filter>
    </ClInclude>
  </ItemGroup>
  <ItemGroup>
    <None Include="..\swap.h.inc">
      <Filter>Common headers</Filter>
    </None>
    <None Include="..\swap.c.inc">
      <Filter>Common sources</Filter>
    </None>
    <None Include="win_decompress.c.inc">
      <Filter>Windows sources</Filter>
    </None>
  </ItemGroup>
</Project>